Microsoft Visual Studio Solution File, Format Version 12.00
# Visual Studio Version 17
VisualStudioVersion = 17.11.35219.272
MinimumVisualStudioVersion = 10.0.40219.1
Project("{9A19103F-16F7-4668-BE54-9A1E7A4F7556}") = "LambdaAspirePOC.AppHost", "LambdaAspirePOC.AppHost\LambdaAspirePOC.AppHost.csproj", "{3D6268CA-960C-40CC-8B3A-F58251CFB402}"
EndProject
Project("{9A19103F-16F7-4668-BE54-9A1E7A4F7556}") = "LambdaAspirePOC.ServiceDefaults", "LambdaAspirePOC.ServiceDefaults\LambdaAspirePOC.ServiceDefaults.csproj", "{8E69B580-F93F-45AF-8443-F8F2BE4096F3}"
EndProject
Project("{9A19103F-16F7-4668-BE54-9A1E7A4F7556}") = "ExecutableLambdaFunction", "ExecutableLambdaFunction\ExecutableLambdaFunction.csproj", "{13FF02D1-F6ED-4235-9F8C-C106997E3DB6}"
EndProject
Project("{2150E333-8FDC-42A3-9474-1A3956D46DE8}") = "AspireExtensions", "AspireExtensions", "{84CBE1FA-85E9-4BAA-BCC1-E3A59C7B37EF}"
EndProject
Project("{9A19103F-16F7-4668-BE54-9A1E7A4F7556}") = "Aspire.Hosting.AWS.Lambda", "AspireExtensions\Aspire.Hosting.AWS.Lambda\Aspire.Hosting.AWS.Lambda.csproj", "{B0FEC2FF-B870-41D1-9DFE-4571A9FD23B9}"
EndProject
Project("{9A19103F-16F7-4668-BE54-9A1E7A4F7556}") = "ClassLibraryLambdaFunction", "ClassLibraryLambdaFunction\ClassLibraryLambdaFunction.csproj", "{CAFA501A-9611-4CF4-86B3-6ABCACAF06B5}"
EndProject
Project("{9A19103F-16F7-4668-BE54-9A1E7A4F7556}") = "WebApiLambdaFunction", "WebApiLambdaFunction\WebApiLambdaFunction.csproj", "{4A9A9905-609E-45B1-8612-A777FF792AE1}"
EndProject
Project("{9A19103F-16F7-4668-BE54-9A1E7A4F7556}") = "Aspire.Hosting.AWS.Lambda.WebFrontend", "AspireExtensions\Aspire.Hosting.AWS.Lambda.WebFrontend\Aspire.Hosting.AWS.Lambda.WebFrontend.csproj", "{02988728-26EF-4DF7-9DBD-02DAD6ABB566}"
EndProject
Project("{9A19103F-16F7-4668-BE54-9A1E7A4F7556}") = "Aspire.Hosting.AWS.LambdaServiceEmulator", "AspireExtensions\Aspire.Hosting.AWS.LambdaServiceEmulator\Aspire.Hosting.AWS.LambdaServiceEmulator.csproj", "{A2BA45CD-EFCF-41B8-A68E-A91135527817}"
EndProject
Project("{9A19103F-16F7-4668-BE54-9A1E7A4F7556}") = "LambdaAspirePOC.E2E.Tests", "LambdaAspirePOC.E2E.Tests\LambdaAspirePOC.E2E.Tests.csproj", "{7F65C847-D175-4D45-827C-14C4EA0878CC}"
EndProject
Project("{9A19103F-16F7-4668-BE54-9A1E7A4F7556}") = "WebAddLambdaFunction", "WebAddLambdaFunction\WebAddLambdaFunction.csproj", "{6371DCE7-0E91-4D79-A228-841670C8A1E0}"
EndProject
Project("{9A19103F-16F7-4668-BE54-9A1E7A4F7556}") = "WebMinusLambdaFunction", "WebMinusLambdaFunction\WebMinusLambdaFunction.csproj", "{13C96335-90CB-4185-8642-388564150004}"
EndProject
Global
	GlobalSection(SolutionConfigurationPlatforms) = preSolution
		Debug|Any CPU = Debug|Any CPU
		Release|Any CPU = Release|Any CPU
	EndGlobalSection
	GlobalSection(ProjectConfigurationPlatforms) = postSolution
		{3D6268CA-960C-40CC-8B3A-F58251CFB402}.Debug|Any CPU.ActiveCfg = Debug|Any CPU
		{3D6268CA-960C-40CC-8B3A-F58251CFB402}.Debug|Any CPU.Build.0 = Debug|Any CPU
		{3D6268CA-960C-40CC-8B3A-F58251CFB402}.Release|Any CPU.ActiveCfg = Release|Any CPU
		{3D6268CA-960C-40CC-8B3A-F58251CFB402}.Release|Any CPU.Build.0 = Release|Any CPU
		{8E69B580-F93F-45AF-8443-F8F2BE4096F3}.Debug|Any CPU.ActiveCfg = Debug|Any CPU
		{8E69B580-F93F-45AF-8443-F8F2BE4096F3}.Debug|Any CPU.Build.0 = Debug|Any CPU
		{8E69B580-F93F-45AF-8443-F8F2BE4096F3}.Release|Any CPU.ActiveCfg = Release|Any CPU
		{8E69B580-F93F-45AF-8443-F8F2BE4096F3}.Release|Any CPU.Build.0 = Release|Any CPU
		{13FF02D1-F6ED-4235-9F8C-C106997E3DB6}.Debug|Any CPU.ActiveCfg = Debug|Any CPU
		{13FF02D1-F6ED-4235-9F8C-C106997E3DB6}.Debug|Any CPU.Build.0 = Debug|Any CPU
		{13FF02D1-F6ED-4235-9F8C-C106997E3DB6}.Release|Any CPU.ActiveCfg = Release|Any CPU
		{13FF02D1-F6ED-4235-9F8C-C106997E3DB6}.Release|Any CPU.Build.0 = Release|Any CPU
		{B0FEC2FF-B870-41D1-9DFE-4571A9FD23B9}.Debug|Any CPU.ActiveCfg = Debug|Any CPU
		{B0FEC2FF-B870-41D1-9DFE-4571A9FD23B9}.Debug|Any CPU.Build.0 = Debug|Any CPU
		{B0FEC2FF-B870-41D1-9DFE-4571A9FD23B9}.Release|Any CPU.ActiveCfg = Release|Any CPU
		{B0FEC2FF-B870-41D1-9DFE-4571A9FD23B9}.Release|Any CPU.Build.0 = Release|Any CPU
		{CAFA501A-9611-4CF4-86B3-6ABCACAF06B5}.Debug|Any CPU.ActiveCfg = Debug|Any CPU
		{CAFA501A-9611-4CF4-86B3-6ABCACAF06B5}.Debug|Any CPU.Build.0 = Debug|Any CPU
		{CAFA501A-9611-4CF4-86B3-6ABCACAF06B5}.Release|Any CPU.ActiveCfg = Release|Any CPU
		{CAFA501A-9611-4CF4-86B3-6ABCACAF06B5}.Release|Any CPU.Build.0 = Release|Any CPU
		{4A9A9905-609E-45B1-8612-A777FF792AE1}.Debug|Any CPU.ActiveCfg = Debug|Any CPU
		{4A9A9905-609E-45B1-8612-A777FF792AE1}.Debug|Any CPU.Build.0 = Debug|Any CPU
		{4A9A9905-609E-45B1-8612-A777FF792AE1}.Release|Any CPU.ActiveCfg = Release|Any CPU
		{4A9A9905-609E-45B1-8612-A777FF792AE1}.Release|Any CPU.Build.0 = Release|Any CPU
		{02988728-26EF-4DF7-9DBD-02DAD6ABB566}.Debug|Any CPU.ActiveCfg = Debug|Any CPU
		{02988728-26EF-4DF7-9DBD-02DAD6ABB566}.Debug|Any CPU.Build.0 = Debug|Any CPU
		{02988728-26EF-4DF7-9DBD-02DAD6ABB566}.Release|Any CPU.ActiveCfg = Release|Any CPU
		{02988728-26EF-4DF7-9DBD-02DAD6ABB566}.Release|Any CPU.Build.0 = Release|Any CPU
		{A2BA45CD-EFCF-41B8-A68E-A91135527817}.Debug|Any CPU.ActiveCfg = Debug|Any CPU
		{A2BA45CD-EFCF-41B8-A68E-A91135527817}.Debug|Any CPU.Build.0 = Debug|Any CPU
		{A2BA45CD-EFCF-41B8-A68E-A91135527817}.Release|Any CPU.ActiveCfg = Release|Any CPU
		{A2BA45CD-EFCF-41B8-A68E-A91135527817}.Release|Any CPU.Build.0 = Release|Any CPU
		{7F65C847-D175-4D45-827C-14C4EA0878CC}.Debug|Any CPU.ActiveCfg = Debug|Any CPU
		{7F65C847-D175-4D45-827C-14C4EA0878CC}.Debug|Any CPU.Build.0 = Debug|Any CPU
		{7F65C847-D175-4D45-827C-14C4EA0878CC}.Release|Any CPU.ActiveCfg = Release|Any CPU
		{7F65C847-D175-4D45-827C-14C4EA0878CC}.Release|Any CPU.Build.0 = Release|Any CPU
		{6371DCE7-0E91-4D79-A228-841670C8A1E0}.Debug|Any CPU.ActiveCfg = Debug|Any CPU
		{6371DCE7-0E91-4D79-A228-841670C8A1E0}.Debug|Any CPU.Build.0 = Debug|Any CPU
		{6371DCE7-0E91-4D79-A228-841670C8A1E0}.Release|Any CPU.ActiveCfg = Release|Any CPU
		{6371DCE7-0E91-4D79-A228-841670C8A1E0}.Release|Any CPU.Build.0 = Release|Any CPU
		{13C96335-90CB-4185-8642-388564150004}.Debug|Any CPU.ActiveCfg = Debug|Any CPU
		{13C96335-90CB-4185-8642-388564150004}.Debug|Any CPU.Build.0 = Debug|Any CPU
		{13C96335-90CB-4185-8642-388564150004}.Release|Any CPU.ActiveCfg = Release|Any CPU
		{13C96335-90CB-4185-8642-388564150004}.Release|Any CPU.Build.0 = Release|Any CPU
	EndGlobalSection
	GlobalSection(SolutionProperties) = preSolution
		HideSolutionNode = FALSE
	EndGlobalSection
	GlobalSection(NestedProjects) = preSolution
		{B0FEC2FF-B870-41D1-9DFE-4571A9FD23B9} = {84CBE1FA-85E9-4BAA-BCC1-E3A59C7B37EF}
		{02988728-26EF-4DF7-9DBD-02DAD6ABB566} = {84CBE1FA-85E9-4BAA-BCC1-E3A59C7B37EF}
		{A2BA45CD-EFCF-41B8-A68E-A91135527817} = {84CBE1FA-85E9-4BAA-BCC1-E3A59C7B37EF}
	EndGlobalSection
	GlobalSection(ExtensibilityGlobals) = postSolution
		SolutionGuid = {7DC846C2-A9ED-4E4B-9E5C-627ED224CDC8}
	EndGlobalSection
EndGlobal
